
Microsoft Visual Studio Solution File, Format Version 12.00
# Visual Studio Version 17
VisualStudioVersion = 17.10.34928.147
MinimumVisualStudioVersion = 10.0.40219.1
Project("{9A19103F-16F7-4668-BE54-9A1E7A4F7556}") = "SchoolTracker", "SchoolTracker\SchoolTracker.csproj", "{45E78AB2-73F5-4A5F-8058-64B24BFEC810}"
EndProject
Project("{FAE04EC0-301F-11D3-BF4B-00C04F79EFBC}") = "SchoolTest", "SchoolTest\SchoolTest.csproj", "{8E5DA24F-C277-4FE5-8DF3-8505C1D57574}"
EndProject
Global
	GlobalSection(SolutionConfigurationPlatforms) = preSolution
		Debug|Any CPU = Debug|Any CPU
		Release|Any CPU = Release|Any CPU
	EndGlobalSection
	GlobalSection(ProjectConfigurationPlatforms) = postSolution
		{45E78AB2-73F5-4A5F-8058-64B24BFEC810}.Debug|Any CPU.ActiveCfg = Debug|Any CPU
		{45E78AB2-73F5-4A5F-8058-64B24BFEC810}.Debug|Any CPU.Build.0 = Debug|Any CPU
		{45E78AB2-73F5-4A5F-8058-64B24BFEC810}.Release|Any CPU.ActiveCfg = Release|Any CPU
		{45E78AB2-73F5-4A5F-8058-64B24BFEC810}.Release|Any CPU.Build.0 = Release|Any CPU
		{8E5DA24F-C277-4FE5-8DF3-8505C1D57574}.Debug|Any CPU.ActiveCfg = Debug|Any CPU
		{8E5DA24F-C277-4FE5-8DF3-8505C1D57574}.Debug|Any CPU.Build.0 = Debug|Any CPU
		{8E5DA24F-C277-4FE5-8DF3-8505C1D57574}.Release|Any CPU.ActiveCfg = Release|Any CPU
		{8E5DA24F-C277-4FE5-8DF3-8505C1D57574}.Release|Any CPU.Build.0 = Release|Any CPU
	EndGlobalSection
	GlobalSection(SolutionProperties) = preSolution
		HideSolutionNode = FALSE
	EndGlobalSection
	GlobalSection(ExtensibilityGlobals) = postSolution
		SolutionGuid = {935C5ABD-2DB8-404D-8916-0F7423ECB34B}
	EndGlobalSection
EndGlobal
